Microsoft Visual Studio Solution File, Format Version 12.00
# Visual Studio Version 17
VisualStudioVersion = 17.14.35821.62
MinimumVisualStudioVersion = 10.0.40219.1
Project("{FAE04EC0-301F-11D3-BF4B-00C04F79EFBC}") = "IdeaPilot.Rest", "IdeaPilot.Rest\IdeaPilot.Rest.csproj", "{9629D2B6-FC1D-4227-816A-E8B1EB535D29}"
EndProject
Global
	GlobalSection(SolutionConfigurationPlatforms) = preSolution
		Debug|Any CPU = Debug|Any CPU
		Release|Any CPU = Release|Any CPU
	EndGlobalSection
	GlobalSection(ProjectConfigurationPlatforms) = postSolution
		{9629D2B6-FC1D-4227-816A-E8B1EB535D29}.Debug|Any CPU.ActiveCfg = Debug|Any CPU
		{9629D2B6-FC1D-4227-816A-E8B1EB535D29}.Debug|Any CPU.Build.0 = Debug|Any CPU
		{9629D2B6-FC1D-4227-816A-E8B1EB535D29}.Release|Any CPU.ActiveCfg = Release|Any CPU
		{9629D2B6-FC1D-4227-816A-E8B1EB535D29}.Release|Any CPU.Build.0 = Release|Any CPU
	EndGlobalSection
	GlobalSection(SolutionProperties) = preSolution
		HideSolutionNode = FALSE
	EndGlobalSection
	GlobalSection(ExtensibilityGlobals) = postSolution
		SolutionGuid = {E12DA020-D011-47A8-A08B-EE92BB090A87}
	EndGlobalSection
EndGlobal
